{
  "name": "smart-agent",
  "version": "0.1.0",
  "lockfileVersion": 3,
  "requires": true,
  "packages": {
    "": {
      "name": "smart-agent",
      "version": "0.1.0",
      "hasInstallScript": true,
      "license": "MIT",
      "peerDependencies": {
        "smart-mcp": "^3.2.0"
      },
      "peerDependenciesMeta": {
        "smart-mcp": {
          "optional": true
        }
      }
    }
  }
}
